
Microsoft Visual Studio Solution File, Format Version 12.00
# Visual Studio Version 16
VisualStudioVersion = 16.0.29123.88
MinimumVisualStudioVersion = 10.0.40219.1
Project("{FAE04EC0-301F-11D3-BF4B-00C04F79EFBC}") = "HomeWork", "HomeWork\HomeWork.csproj", "{9F50AF70-329A-41FC-82A2-2FC6AA77607E}"
EndProject
Global
	GlobalSection(SolutionConfigurationPlatforms) = preSolution
		Debug|Any CPU = Debug|Any CPU
		Release|Any CPU = Release|Any CPU
	EndGlobalSection
	GlobalSection(ProjectConfigurationPlatforms) = postSolution
		{9F50AF70-329A-41FC-82A2-2FC6AA77607E}.Debug|Any CPU.ActiveCfg = Debug|Any CPU
		{9F50AF70-329A-41FC-82A2-2FC6AA77607E}.Debug|Any CPU.Build.0 = Debug|Any CPU
		{9F50AF70-329A-41FC-82A2-2FC6AA77607E}.Release|Any CPU.ActiveCfg = Release|Any CPU
		{9F50AF70-329A-41FC-82A2-2FC6AA77607E}.Release|Any CPU.Build.0 = Release|Any CPU
	EndGlobalSection
	GlobalSection(SolutionProperties) = preSolution
		HideSolutionNode = FALSE
	EndGlobalSection
	GlobalSection(ExtensibilityGlobals) = postSolution
		SolutionGuid = {ACBE4691-E0FC-48CF-B0A2-3CCFFD781523}
	EndGlobalSection
EndGlobal
